github.com/qiniu/x v1.15.1 h1:avE+YQaowp8ZExjylOeSM73rUo3MQKBAYVxh4NJ8dY8=
github.com/qiniu/x v1.15.1/go.mod h1:AiovSOCaRijaf3fj+0CBOpR1457pn24b0Vdb1JpwhII=
golang.org/x/mod v0.27.0 h1:kb+q2PyFnEADO2IEF935ehFUXlWiNjJWtRNgBLSfbxQ=
golang.org/x/mod v0.27.0/go.mod h1:rWI627Fq0DEoudcK+MBkNkCe0EetEaDSwJJkCcjpazc=
