github.com/qiniu/x v1.13.10 h1:J4Z3XugYzAq85SlyAfqlKVrbf05glMbAOh+QncsDQpE=
github.com/qiniu/x v1.13.10/go.mod h1:INZ2TSWSJVWO/RuELQROERcslBwVgFG7MkTfEdaQz9E=
golang.org/x/mod v0.22.0 h1:D4nJWe9zXqHOmWqj4VMOJhvzj7bEZg4wEYa759z1pH4=
golang.org/x/mod v0.22.0/go.mod h1:6SkKJ3Xj0I0BrPOZoBy3bdMptDDU9oJrpohJ3eWZ1fY=
