github.com/qiniu/x v1.15.0 h1:Tal7jtNNgBkFneJXG8qsTadVywC5zBQCfw9b12Igsr4=
github.com/qiniu/x v1.15.0/go.mod h1:AiovSOCaRijaf3fj+0CBOpR1457pn24b0Vdb1JpwhII=
golang.org/x/mod v0.20.0 h1:utOm6MM3R3dnawAiJgn0y+xvuYRsm1RKM/4giyfDgV0=
golang.org/x/mod v0.20.0/go.mod h1:hTbmBsO62+eylJbnUtE2MGJUyE7QWk4xUqPFrRgJ+7c=
